
Microsoft Visual Studio Solution File, Format Version 12.00
# Visual Studio Version 17
VisualStudioVersion = 17.14.36414.22 d17.14
MinimumVisualStudioVersion = 10.0.40219.1
Project("{FAE04EC0-301F-11D3-BF4B-00C04F79EFBC}") = "Challenge Lab 9", "Challenge Lab 9.csproj", "{ED85D320-7B0A-449A-801C-CA469E23BE1A}"
EndProject
Global
	GlobalSection(SolutionConfigurationPlatforms) = preSolution
		Debug|Any CPU = Debug|Any CPU
		Release|Any CPU = Release|Any CPU
	EndGlobalSection
	GlobalSection(ProjectConfigurationPlatforms) = postSolution
		{ED85D320-7B0A-449A-801C-CA469E23BE1A}.Debug|Any CPU.ActiveCfg = Debug|Any CPU
		{ED85D320-7B0A-449A-801C-CA469E23BE1A}.Debug|Any CPU.Build.0 = Debug|Any CPU
		{ED85D320-7B0A-449A-801C-CA469E23BE1A}.Release|Any CPU.ActiveCfg = Release|Any CPU
		{ED85D320-7B0A-449A-801C-CA469E23BE1A}.Release|Any CPU.Build.0 = Release|Any CPU
	EndGlobalSection
	GlobalSection(SolutionProperties) = preSolution
		HideSolutionNode = FALSE
	EndGlobalSection
	GlobalSection(ExtensibilityGlobals) = postSolution
		SolutionGuid = {34A8DFDF-2B95-4515-829F-5ECDB4683BFD}
	EndGlobalSection
EndGlobal
